
Microsoft Visual Studio Solution File, Format Version 12.00
# Visual Studio 15
Project("{FAE04EC0-301F-11D3-BF4B-00C04F79EFBC}") = "Assembly-CSharp", "Assembly-CSharp.csproj", "{C6F59E6E-38C1-2B19-51FE-6BC38D92843B}"
EndProject
Project("{FAE04EC0-301F-11D3-BF4B-00C04F79EFBC}") = "Assembly-CSharp-Editor", "Assembly-CSharp-Editor.csproj", "{45B98A0E-D33A-2F84-FA3E-EBC61B338259}"
EndProject
Global
	GlobalSection(SolutionConfigurationPlatforms) = preSolution
		Debug|Any CPU = Debug|Any CPU
		Release|Any CPU = Release|Any CPU
	EndGlobalSection
	GlobalSection(ProjectConfigurationPlatforms) = postSolution
		{C6F59E6E-38C1-2B19-51FE-6BC38D92843B}.Debug|Any CPU.ActiveCfg = Debug|Any CPU
		{C6F59E6E-38C1-2B19-51FE-6BC38D92843B}.Debug|Any CPU.Build.0 = Debug|Any CPU
		{C6F59E6E-38C1-2B19-51FE-6BC38D92843B}.Release|Any CPU.ActiveCfg = Release|Any CPU
		{C6F59E6E-38C1-2B19-51FE-6BC38D92843B}.Release|Any CPU.Build.0 = Release|Any CPU
		{45B98A0E-D33A-2F84-FA3E-EBC61B338259}.Debug|Any CPU.ActiveCfg = Debug|Any CPU
		{45B98A0E-D33A-2F84-FA3E-EBC61B338259}.Debug|Any CPU.Build.0 = Debug|Any CPU
		{45B98A0E-D33A-2F84-FA3E-EBC61B338259}.Release|Any CPU.ActiveCfg = Release|Any CPU
		{45B98A0E-D33A-2F84-FA3E-EBC61B338259}.Release|Any CPU.Build.0 = Release|Any CPU
	EndGlobalSection
	GlobalSection(SolutionProperties) = preSolution
		HideSolutionNode = FALSE
	EndGlobalSection
EndGlobal
